
Microsoft Visual Studio Solution File, Format Version 12.00
# Visual Studio Version 17
VisualStudioVersion = 17.2.32526.322
MinimumVisualStudioVersion = 10.0.40219.1
Project("{9A19103F-16F7-4668-BE54-9A1E7A4F7556}") = "AddOn.Optimizely.ContentAreaLayout", "Addon\AddOn.Optimizely.ContentAreaLayout.csproj", "{8E6D3B77-258C-4209-94FD-46D9E4D7400C}"
EndProject
Project("{9A19103F-16F7-4668-BE54-9A1E7A4F7556}") = "Site", "Site\Site.csproj", "{7E25419C-4010-487D-A09B-4C9CFE8A86E5}"
EndProject
Project("{9A19103F-16F7-4668-BE54-9A1E7A4F7556}") = "Tests", "Tests\Tests.csproj", "{FFA3120A-8993-4253-B20B-1E91A5AEFA65}"
EndProject
Project("{2150E333-8FDC-42A3-9474-1A3956D46DE8}") = "SolutionItems", "SolutionItems", "{8E8370D4-8FF7-4560-914A-926E66DF5B56}"
	ProjectSection(SolutionItems) = preProject
		.gitignore = .gitignore
		global.json = global.json
		README.md = README.md
	EndProjectSection
EndProject
Global
	GlobalSection(SolutionConfigurationPlatforms) = preSolution
		Debug|Any CPU = Debug|Any CPU
		Release|Any CPU = Release|Any CPU
	EndGlobalSection
	GlobalSection(ProjectConfigurationPlatforms) = postSolution
		{8E6D3B77-258C-4209-94FD-46D9E4D7400C}.Debug|Any CPU.ActiveCfg = Debug|Any CPU
		{8E6D3B77-258C-4209-94FD-46D9E4D7400C}.Debug|Any CPU.Build.0 = Debug|Any CPU
		{8E6D3B77-258C-4209-94FD-46D9E4D7400C}.Release|Any CPU.ActiveCfg = Release|Any CPU
		{8E6D3B77-258C-4209-94FD-46D9E4D7400C}.Release|Any CPU.Build.0 = Release|Any CPU
		{7E25419C-4010-487D-A09B-4C9CFE8A86E5}.Debug|Any CPU.ActiveCfg = Debug|Any CPU
		{7E25419C-4010-487D-A09B-4C9CFE8A86E5}.Debug|Any CPU.Build.0 = Debug|Any CPU
		{7E25419C-4010-487D-A09B-4C9CFE8A86E5}.Release|Any CPU.ActiveCfg = Release|Any CPU
		{7E25419C-4010-487D-A09B-4C9CFE8A86E5}.Release|Any CPU.Build.0 = Release|Any CPU
		{FFA3120A-8993-4253-B20B-1E91A5AEFA65}.Debug|Any CPU.ActiveCfg = Debug|Any CPU
		{FFA3120A-8993-4253-B20B-1E91A5AEFA65}.Debug|Any CPU.Build.0 = Debug|Any CPU
		{FFA3120A-8993-4253-B20B-1E91A5AEFA65}.Release|Any CPU.ActiveCfg = Release|Any CPU
		{FFA3120A-8993-4253-B20B-1E91A5AEFA65}.Release|Any CPU.Build.0 = Release|Any CPU
	EndGlobalSection
	GlobalSection(SolutionProperties) = preSolution
		HideSolutionNode = FALSE
	EndGlobalSection
	GlobalSection(ExtensibilityGlobals) = postSolution
		SolutionGuid = {3417A1E9-0DF2-4D95-BEE6-8B775AB17531}
	EndGlobalSection
EndGlobal
